{
    "name": "colorlib-generator",
    "lockfileVersion": 3,
    "requires": true,
    "packages": {
        "": {
            "name": "colorlib-generator",
            "devDependencies": {
                "@minecraft/vanilla-data": "1.26.60-preview.28"
            }
        },
        "node_modules/@minecraft/vanilla-data": {
            "version": "1.26.60-preview.28",
            "resolved": "https://registry.npmjs.org/@minecraft/vanilla-data/-/vanilla-data-1.26.60-preview.28.tgz",
            "integrity": "sha512-zM3KCrAAE/ZC+SwIkBXLtlY4URWzeP7jS99+GRkSJhPU8Qo6fLr02DelGfHYaPPGNOEbL6EMXCh3LthHtXrvLg==",
            "dev": true,
            "license": "MIT"
        }
    }
}
